
Microsoft Visual Studio Solution File, Format Version 12.00
# Visual Studio 15
VisualStudioVersion = 15.0.27703.2047
MinimumVisualStudioVersion = 10.0.40219.1
Project("{FAE04EC0-301F-11D3-BF4B-00C04F79EFBC}") = "DemoStackLayout.Android", "DemoStackLayout\DemoStackLayout.Android\DemoStackLayout.Android.csproj", "{A48E07D5-FE70-4210-8344-813441040E4E}"
EndProject
Project("{FAE04EC0-301F-11D3-BF4B-00C04F79EFBC}") = "DemoStackLayout.iOS", "DemoStackLayout\DemoStackLayout.iOS\DemoStackLayout.iOS.csproj", "{B4999EB7-D85A-431A-80B5-BCE557506A09}"
EndProject
Project("{FAE04EC0-301F-11D3-BF4B-00C04F79EFBC}") = "DemoStackLayout", "DemoStackLayout\DemoStackLayout\DemoStackLayout.csproj", "{CE9986FC-2B8E-4CD6-B3C9-863D8A76AEDA}"
EndProject
Global
	GlobalSection(SolutionConfigurationPlatforms) = preSolution
		Ad-Hoc|Any CPU = Ad-Hoc|Any CPU
		Ad-Hoc|iPhone = Ad-Hoc|iPhone
		Ad-Hoc|iPhoneSimulator = Ad-Hoc|iPhoneSimulator
		AppStore|Any CPU = AppStore|Any CPU
		AppStore|iPhone = AppStore|iPhone
		AppStore|iPhoneSimulator = AppStore|iPhoneSimulator
		Debug|Any CPU = Debug|Any CPU
		Debug|iPhone = Debug|iPhone
		Debug|iPhoneSimulator = Debug|iPhoneSimulator
		Release|Any CPU = Release|Any CPU
		Release|iPhone = Release|iPhone
		Release|iPhoneSimulator = Release|iPhoneSimulator
	EndGlobalSection
	GlobalSection(ProjectConfigurationPlatforms) = postSolution
		{A48E07D5-FE70-4210-8344-813441040E4E}.Ad-Hoc|Any CPU.ActiveCfg = Release|Any CPU
		{A48E07D5-FE70-4210-8344-813441040E4E}.Ad-Hoc|Any CPU.Build.0 = Release|Any CPU
		{A48E07D5-FE70-4210-8344-813441040E4E}.Ad-Hoc|Any CPU.Deploy.0 = Release|Any CPU
		{A48E07D5-FE70-4210-8344-813441040E4E}.Ad-Hoc|iPhone.ActiveCfg = Release|Any CPU
		{A48E07D5-FE70-4210-8344-813441040E4E}.Ad-Hoc|iPhone.Build.0 = Release|Any CPU
		{A48E07D5-FE70-4210-8344-813441040E4E}.Ad-Hoc|iPhone.Deploy.0 = Release|Any CPU
		{A48E07D5-FE70-4210-8344-813441040E4E}.Ad-Hoc|iPhoneSimulator.ActiveCfg = Release|Any CPU
		{A48E07D5-FE70-4210-8344-813441040E4E}.Ad-Hoc|iPhoneSimulator.Build.0 = Release|Any CPU
		{A48E07D5-FE70-4210-8344-813441040E4E}.Ad-Hoc|iPhoneSimulator.Deploy.0 = Release|Any CPU
		{A48E07D5-FE70-4210-8344-813441040E4E}.AppStore|Any CPU.ActiveCfg = Release|Any CPU
		{A48E07D5-FE70-4210-8344-813441040E4E}.AppStore|Any CPU.Build.0 = Release|Any CPU
		{A48E07D5-FE70-4210-8344-813441040E4E}.AppStore|Any CPU.Deploy.0 = Release|Any CPU
		{A48E07D5-FE70-4210-8344-813441040E4E}.AppStore|iPhone.ActiveCfg = Release|Any CPU
		{A48E07D5-FE70-4210-8344-813441040E4E}.AppStore|iPhone.Build.0 = Release|Any CPU
		{A48E07D5-FE70-4210-8344-813441040E4E}.AppStore|iPhone.Deploy.0 = Release|Any CPU
		{A48E07D5-FE70-4210-8344-813441040E4E}.AppStore|iPhoneSimulator.ActiveCfg = Release|Any CPU
		{A48E07D5-FE70-4210-8344-813441040E4E}.AppStore|iPhoneSimulator.Build.0 = Release|Any CPU
		{A48E07D5-FE70-4210-8344-813441040E4E}.AppStore|iPhoneSimulator.Deploy.0 = Release|Any CPU
		{A48E07D5-FE70-4210-8344-813441040E4E}.Debug|Any CPU.ActiveCfg = Debug|Any CPU
		{A48E07D5-FE70-4210-8344-813441040E4E}.Debug|Any CPU.Build.0 = Debug|Any CPU
		{A48E07D5-FE70-4210-8344-813441040E4E}.Debug|Any CPU.Deploy.0 = Debug|Any CPU
		{A48E07D5-FE70-4210-8344-813441040E4E}.Debug|iPhone.ActiveCfg = Debug|Any CPU
		{A48E07D5-FE70-4210-8344-813441040E4E}.Debug|iPhone.Build.0 = Debug|Any CPU
		{A48E07D5-FE70-4210-8344-813441040E4E}.Debug|iPhone.Deploy.0 = Debug|Any CPU
		{A48E07D5-FE70-4210-8344-813441040E4E}.Debug|iPhoneSimulator.ActiveCfg = Debug|Any CPU
		{A48E07D5-FE70-4210-8344-813441040E4E}.Debug|iPhoneSimulator.Build.0 = Debug|Any CPU
		{A48E07D5-FE70-4210-8344-813441040E4E}.Debug|iPhoneSimulator.Deploy.0 = Debug|Any CPU
		{A48E07D5-FE70-4210-8344-813441040E4E}.Release|Any CPU.ActiveCfg = Release|Any CPU
		{A48E07D5-FE70-4210-8344-813441040E4E}.Release|Any CPU.Build.0 = Release|Any CPU
		{A48E07D5-FE70-4210-8344-813441040E4E}.Release|Any CPU.Deploy.0 = Release|Any CPU
		{A48E07D5-FE70-4210-8344-813441040E4E}.Release|iPhone.ActiveCfg = Release|Any CPU
		{A48E07D5-FE70-4210-8344-813441040E4E}.Release|iPhone.Build.0 = Release|Any CPU
		{A48E07D5-FE70-4210-8344-813441040E4E}.Release|iPhone.Deploy.0 = Release|Any CPU
		{A48E07D5-FE70-4210-8344-813441040E4E}.Release|iPhoneSimulator.ActiveCfg = Release|Any CPU
		{A48E07D5-FE70-4210-8344-813441040E4E}.Release|iPhoneSimulator.Build.0 = Release|Any CPU
		{A48E07D5-FE70-4210-8344-813441040E4E}.Release|iPhoneSimulator.Deploy.0 = Release|Any CPU
		{B4999EB7-D85A-431A-80B5-BCE557506A09}.Ad-Hoc|Any CPU.ActiveCfg = Ad-Hoc|iPhone
		{B4999EB7-D85A-431A-80B5-BCE557506A09}.Ad-Hoc|Any CPU.Build.0 = Ad-Hoc|iPhone
		{B4999EB7-D85A-431A-80B5-BCE557506A09}.Ad-Hoc|Any CPU.Deploy.0 = Ad-Hoc|iPhone
		{B4999EB7-D85A-431A-80B5-BCE557506A09}.Ad-Hoc|iPhone.ActiveCfg = Ad-Hoc|iPhone
		{B4999EB7-D85A-431A-80B5-BCE557506A09}.Ad-Hoc|iPhone.Build.0 = Ad-Hoc|iPhone
		{B4999EB7-D85A-431A-80B5-BCE557506A09}.Ad-Hoc|iPhone.Deploy.0 = Ad-Hoc|iPhone
		{B4999EB7-D85A-431A-80B5-BCE557506A09}.Ad-Hoc|iPhoneSimulator.ActiveCfg = Ad-Hoc|iPhoneSimulator
		{B4999EB7-D85A-431A-80B5-BCE557506A09}.Ad-Hoc|iPhoneSimulator.Build.0 = Ad-Hoc|iPhoneSimulator
		{B4999EB7-D85A-431A-80B5-BCE557506A09}.Ad-Hoc|iPhoneSimulator.Deploy.0 = Ad-Hoc|iPhoneSimulator
		{B4999EB7-D85A-431A-80B5-BCE557506A09}.AppStore|Any CPU.ActiveCfg = AppStore|iPhone
		{B4999EB7-D85A-431A-80B5-BCE557506A09}.AppStore|Any CPU.Build.0 = AppStore|iPhone
		{B4999EB7-D85A-431A-80B5-BCE557506A09}.AppStore|Any CPU.Deploy.0 = AppStore|iPhone
		{B4999EB7-D85A-431A-80B5-BCE557506A09}.AppStore|iPhone.ActiveCfg = AppStore|iPhone
		{B4999EB7-D85A-431A-80B5-BCE557506A09}.AppStore|iPhone.Build.0 = AppStore|iPhone
		{B4999EB7-D85A-431A-80B5-BCE557506A09}.AppStore|iPhone.Deploy.0 = AppStore|iPhone
		{B4999EB7-D85A-431A-80B5-BCE557506A09}.AppStore|iPhoneSimulator.ActiveCfg = AppStore|iPhoneSimulator
		{B4999EB7-D85A-431A-80B5-BCE557506A09}.AppStore|iPhoneSimulator.Build.0 = AppStore|iPhoneSimulator
		{B4999EB7-D85A-431A-80B5-BCE557506A09}.AppStore|iPhoneSimulator.Deploy.0 = AppStore|iPhoneSimulator
		{B4999EB7-D85A-431A-80B5-BCE557506A09}.Debug|Any CPU.ActiveCfg = Debug|iPhoneSimulator
		{B4999EB7-D85A-431A-80B5-BCE557506A09}.Debug|Any CPU.Build.0 = Debug|iPhoneSimulator
		{B4999EB7-D85A-431A-80B5-BCE557506A09}.Debug|Any CPU.Deploy.0 = Debug|iPhoneSimulator
		{B4999EB7-D85A-431A-80B5-BCE557506A09}.Debug|iPhone.ActiveCfg = Debug|iPhone
		{B4999EB7-D85A-431A-80B5-BCE557506A09}.Debug|iPhone.Build.0 = Debug|iPhone
		{B4999EB7-D85A-431A-80B5-BCE557506A09}.Debug|iPhone.Deploy.0 = Debug|iPhone
		{B4999EB7-D85A-431A-80B5-BCE557506A09}.Debug|iPhoneSimulator.ActiveCfg = Debug|iPhoneSimulator
		{B4999EB7-D85A-431A-80B5-BCE557506A09}.Debug|iPhoneSimulator.Build.0 = Debug|iPhoneSimulator
		{B4999EB7-D85A-431A-80B5-BCE557506A09}.Debug|iPhoneSimulator.Deploy.0 = Debug|iPhoneSimulator
		{B4999EB7-D85A-431A-80B5-BCE557506A09}.Release|Any CPU.ActiveCfg = Release|iPhone
		{B4999EB7-D85A-431A-80B5-BCE557506A09}.Release|Any CPU.Build.0 = Release|iPhone
		{B4999EB7-D85A-431A-80B5-BCE557506A09}.Release|Any CPU.Deploy.0 = Release|iPhone
		{B4999EB7-D85A-431A-80B5-BCE557506A09}.Release|iPhone.ActiveCfg = Release|iPhone
		{B4999EB7-D85A-431A-80B5-BCE557506A09}.Release|iPhone.Build.0 = Release|iPhone
		{B4999EB7-D85A-431A-80B5-BCE557506A09}.Release|iPhone.Deploy.0 = Release|iPhone
		{B4999EB7-D85A-431A-80B5-BCE557506A09}.Release|iPhoneSimulator.ActiveCfg = Release|iPhoneSimulator
		{B4999EB7-D85A-431A-80B5-BCE557506A09}.Release|iPhoneSimulator.Build.0 = Release|iPhoneSimulator
		{B4999EB7-D85A-431A-80B5-BCE557506A09}.Release|iPhoneSimulator.Deploy.0 = Release|iPhoneSimulator
		{CE9986FC-2B8E-4CD6-B3C9-863D8A76AEDA}.Ad-Hoc|Any CPU.ActiveCfg = Debug|Any CPU
		{CE9986FC-2B8E-4CD6-B3C9-863D8A76AEDA}.Ad-Hoc|Any CPU.Build.0 = Debug|Any CPU
		{CE9986FC-2B8E-4CD6-B3C9-863D8A76AEDA}.Ad-Hoc|Any CPU.Deploy.0 = Debug|Any CPU
		{CE9986FC-2B8E-4CD6-B3C9-863D8A76AEDA}.Ad-Hoc|iPhone.ActiveCfg = Debug|Any CPU
		{CE9986FC-2B8E-4CD6-B3C9-863D8A76AEDA}.Ad-Hoc|iPhone.Build.0 = Debug|Any CPU
		{CE9986FC-2B8E-4CD6-B3C9-863D8A76AEDA}.Ad-Hoc|iPhone.Deploy.0 = Debug|Any CPU
		{CE9986FC-2B8E-4CD6-B3C9-863D8A76AEDA}.Ad-Hoc|iPhoneSimulator.ActiveCfg = Debug|Any CPU
		{CE9986FC-2B8E-4CD6-B3C9-863D8A76AEDA}.Ad-Hoc|iPhoneSimulator.Build.0 = Debug|Any CPU
		{CE9986FC-2B8E-4CD6-B3C9-863D8A76AEDA}.Ad-Hoc|iPhoneSimulator.Deploy.0 = Debug|Any CPU
		{CE9986FC-2B8E-4CD6-B3C9-863D8A76AEDA}.AppStore|Any CPU.ActiveCfg = Debug|Any CPU
		{CE9986FC-2B8E-4CD6-B3C9-863D8A76AEDA}.AppStore|Any CPU.Build.0 = Debug|Any CPU
		{CE9986FC-2B8E-4CD6-B3C9-863D8A76AEDA}.AppStore|Any CPU.Deploy.0 = Debug|Any CPU
		{CE9986FC-2B8E-4CD6-B3C9-863D8A76AEDA}.AppStore|iPhone.ActiveCfg = Debug|Any CPU
		{CE9986FC-2B8E-4CD6-B3C9-863D8A76AEDA}.AppStore|iPhone.Build.0 = Debug|Any CPU
		{CE9986FC-2B8E-4CD6-B3C9-863D8A76AEDA}.AppStore|iPhone.Deploy.0 = Debug|Any CPU
		{CE9986FC-2B8E-4CD6-B3C9-863D8A76AEDA}.AppStore|iPhoneSimulator.ActiveCfg = Debug|Any CPU
		{CE9986FC-2B8E-4CD6-B3C9-863D8A76AEDA}.AppStore|iPhoneSimulator.Build.0 = Debug|Any CPU
		{CE9986FC-2B8E-4CD6-B3C9-863D8A76AEDA}.AppStore|iPhoneSimulator.Deploy.0 = Debug|Any CPU
		{CE9986FC-2B8E-4CD6-B3C9-863D8A76AEDA}.Debug|Any CPU.ActiveCfg = Debug|Any CPU
		{CE9986FC-2B8E-4CD6-B3C9-863D8A76AEDA}.Debug|Any CPU.Build.0 = Debug|Any CPU
		{CE9986FC-2B8E-4CD6-B3C9-863D8A76AEDA}.Debug|Any CPU.Deploy.0 = Debug|Any CPU
		{CE9986FC-2B8E-4CD6-B3C9-863D8A76AEDA}.Debug|iPhone.ActiveCfg = Debug|Any CPU
		{CE9986FC-2B8E-4CD6-B3C9-863D8A76AEDA}.Debug|iPhone.Build.0 = Debug|Any CPU
		{CE9986FC-2B8E-4CD6-B3C9-863D8A76AEDA}.Debug|iPhone.Deploy.0 = Debug|Any CPU
		{CE9986FC-2B8E-4CD6-B3C9-863D8A76AEDA}.Debug|iPhoneSimulator.ActiveCfg = Debug|Any CPU
		{CE9986FC-2B8E-4CD6-B3C9-863D8A76AEDA}.Debug|iPhoneSimulator.Build.0 = Debug|Any CPU
		{CE9986FC-2B8E-4CD6-B3C9-863D8A76AEDA}.Debug|iPhoneSimulator.Deploy.0 = Debug|Any CPU
		{CE9986FC-2B8E-4CD6-B3C9-863D8A76AEDA}.Release|Any CPU.ActiveCfg = Release|Any CPU
		{CE9986FC-2B8E-4CD6-B3C9-863D8A76AEDA}.Release|Any CPU.Build.0 = Release|Any CPU
		{CE9986FC-2B8E-4CD6-B3C9-863D8A76AEDA}.Release|Any CPU.Deploy.0 = Release|Any CPU
		{CE9986FC-2B8E-4CD6-B3C9-863D8A76AEDA}.Release|iPhone.ActiveCfg = Release|Any CPU
		{CE9986FC-2B8E-4CD6-B3C9-863D8A76AEDA}.Release|iPhone.Build.0 = Release|Any CPU
		{CE9986FC-2B8E-4CD6-B3C9-863D8A76AEDA}.Release|iPhone.Deploy.0 = Release|Any CPU
		{CE9986FC-2B8E-4CD6-B3C9-863D8A76AEDA}.Release|iPhoneSimulator.ActiveCfg = Release|Any CPU
		{CE9986FC-2B8E-4CD6-B3C9-863D8A76AEDA}.Release|iPhoneSimulator.Build.0 = Release|Any CPU
		{CE9986FC-2B8E-4CD6-B3C9-863D8A76AEDA}.Release|iPhoneSimulator.Deploy.0 = Release|Any CPU
	EndGlobalSection
	GlobalSection(SolutionProperties) = preSolution
		HideSolutionNode = FALSE
	EndGlobalSection
	GlobalSection(ExtensibilityGlobals) = postSolution
		SolutionGuid = {84A7F267-3896-4BAC-A0B6-945274824575}
	EndGlobalSection
EndGlobal
